// !$*UTF8*$!
{
	archiveVersion = 1;
	classes = {
	};
	objectVersion = 56;
	objects = {

/* Begin PBXBuildFile section */
		4D198DF62A0449C7008A9411 /* RMGetAllCharactersResponse.swift in Sources */ = {isa = PBXBuildFile; fileRef = 4D198DF52A0449C7008A9411 /* RMGetAllCharactersResponse.swift */; };
		4D67D5ED2A02E2130087C9E7 /* RMLocation.swift in Sources */ = {isa = PBXBuildFile; fileRef = 4D67D5EC2A02E2130087C9E7 /* RMLocation.swift */; };
		4D67D5EF2A02E2370087C9E7 /* RMCharacter.swift in Sources */ = {isa = PBXBuildFile; fileRef = 4D67D5EE2A02E2370087C9E7 /* RMCharacter.swift */; };
		4D67D5F12A02E5C30087C9E7 /* RMEpisode.swift in Sources */ = {isa = PBXBuildFile; fileRef = 4D67D5F02A02E5C30087C9E7 /* RMEpisode.swift */; };
		4D67D5F42A02E66B0087C9E7 /* RMCharacterViewController.swift in Sources */ = {isa = PBXBuildFile; fileRef = 4D67D5F32A02E66B0087C9E7 /* RMCharacterViewController.swift */; };
		4D67D5F62A02E6970087C9E7 /* RMLocationViewController.swift in Sources */ = {isa = PBXBuildFile; fileRef = 4D67D5F52A02E6970087C9E7 /* RMLocationViewController.swift */; };
		4D67D5F82A02E6A40087C9E7 /* RMEpisodeViewController.swift in Sources */ = {isa = PBXBuildFile; fileRef = 4D67D5F72A02E6A40087C9E7 /* RMEpisodeViewController.swift */; };
		4D67D5FA2A02E6BE0087C9E7 /* RMSettingsViewController.swift in Sources */ = {isa = PBXBuildFile; fileRef = 4D67D5F92A02E6BE0087C9E7 /* RMSettingsViewController.swift */; };
		4D67D5FC2A02F2C70087C9E7 /* RMService.swift in Sources */ = {isa = PBXBuildFile; fileRef = 4D67D5FB2A02F2C70087C9E7 /* RMService.swift */; };
		4D67D5FE2A02F2E20087C9E7 /* RMRequest.swift in Sources */ = {isa = PBXBuildFile; fileRef = 4D67D5FD2A02F2E20087C9E7 /* RMRequest.swift */; };
		4D67D6002A02F36C0087C9E7 /* RMEndpoint.swift in Sources */ = {isa = PBXBuildFile; fileRef = 4D67D5FF2A02F36C0087C9E7 /* RMEndpoint.swift */; };
		4D67D6022A0300890087C9E7 /* RMOrigin.swift in Sources */ = {isa = PBXBuildFile; fileRef = 4D67D6012A0300890087C9E7 /* RMOrigin.swift */; };
		4D67D6042A03012D0087C9E7 /* RMSingleLocation.swift in Sources */ = {isa = PBXBuildFile; fileRef = 4D67D6032A03012D0087C9E7 /* RMSingleLocation.swift */; };
		4D67D6062A0302B80087C9E7 /* RMCharacterGender.swift in Sources */ = {isa = PBXBuildFile; fileRef = 4D67D6052A0302B80087C9E7 /* RMCharacterGender.swift */; };
		4DA149152A02A68200EBA69B /* AppDelegate.swift in Sources */ = {isa = PBXBuildFile; fileRef = 4DA149142A02A68200EBA69B /* AppDelegate.swift */; };
		4DA149172A02A68200EBA69B /* SceneDelegate.swift in Sources */ = {isa = PBXBuildFile; fileRef = 4DA149162A02A68200EBA69B /* SceneDelegate.swift */; };
		4DA149192A02A68200EBA69B /* RMTabBarController.swift in Sources */ = {isa = PBXBuildFile; fileRef = 4DA149182A02A68200EBA69B /* RMTabBarController.swift */; };
		4DA1491E2A02A68400EBA69B /* Assets.xcassets in Resources */ = {isa = PBXBuildFile; fileRef = 4DA1491D2A02A68400EBA69B /* Assets.xcassets */; };
		4DA149212A02A68400EBA69B /* LaunchScreen.storyboard in Resources */ = {isa = PBXBuildFile; fileRef = 4DA1491F2A02A68400EBA69B /* LaunchScreen.storyboard */; };
/* End PBXBuildFile section */

/* Begin PBXFileReference section */
		4D198DF52A0449C7008A9411 /* RMGetAllCharactersResponse.swift */ = {isa = PBXFileReference; lastKnownFileType = sourcecode.swift; path = RMGetAllCharactersResponse.swift; sourceTree = "<group>"; };
		4D67D5EC2A02E2130087C9E7 /* RMLocation.swift */ = {isa = PBXFileReference; lastKnownFileType = sourcecode.swift; path = RMLocation.swift; sourceTree = "<group>"; };
		4D67D5EE2A02E2370087C9E7 /* RMCharacter.swift */ = {isa = PBXFileReference; lastKnownFileType = sourcecode.swift; path = RMCharacter.swift; sourceTree = "<group>"; };
		4D67D5F02A02E5C30087C9E7 /* RMEpisode.swift */ = {isa = PBXFileReference; lastKnownFileType = sourcecode.swift; path = RMEpisode.swift; sourceTree = "<group>"; };
		4D67D5F32A02E66B0087C9E7 /* RMCharacterViewController.swift */ = {isa = PBXFileReference; lastKnownFileType = sourcecode.swift; path = RMCharacterViewController.swift; sourceTree = "<group>"; };
		4D67D5F52A02E6970087C9E7 /* RMLocationViewController.swift */ = {isa = PBXFileReference; lastKnownFileType = sourcecode.swift; path = RMLocationViewController.swift; sourceTree = "<group>"; };
		4D67D5F72A02E6A40087C9E7 /* RMEpisodeViewController.swift */ = {isa = PBXFileReference; lastKnownFileType = sourcecode.swift; path = RMEpisodeViewController.swift; sourceTree = "<group>"; };
		4D67D5F92A02E6BE0087C9E7 /* RMSettingsViewController.swift */ = {isa = PBXFileReference; lastKnownFileType = sourcecode.swift; path = RMSettingsViewController.swift; sourceTree = "<group>"; };
		4D67D5FB2A02F2C70087C9E7 /* RMService.swift */ = {isa = PBXFileReference; lastKnownFileType = sourcecode.swift; path = RMService.swift; sourceTree = "<group>"; };
		4D67D5FD2A02F2E20087C9E7 /* RMRequest.swift */ = {isa = PBXFileReference; lastKnownFileType = sourcecode.swift; path = RMRequest.swift; sourceTree = "<group>"; };
		4D67D5FF2A02F36C0087C9E7 /* RMEndpoint.swift */ = {isa = PBXFileReference; lastKnownFileType = sourcecode.swift; path = RMEndpoint.swift; sourceTree = "<group>"; };
		4D67D6012A0300890087C9E7 /* RMOrigin.swift */ = {isa = PBXFileReference; lastKnownFileType = sourcecode.swift; path = RMOrigin.swift; sourceTree = "<group>"; };
		4D67D6032A03012D0087C9E7 /* RMSingleLocation.swift */ = {isa = PBXFileReference; lastKnownFileType = sourcecode.swift; path = RMSingleLocation.swift; sourceTree = "<group>"; };
		4D67D6052A0302B80087C9E7 /* RMCharacterGender.swift */ = {isa = PBXFileReference; lastKnownFileType = sourcecode.swift; path = RMCharacterGender.swift; sourceTree = "<group>"; };
		4DA149112A02A68200EBA69B /* RickAndMorty.app */ = {isa = PBXFileReference; explicitFileType = wrapper.application; includeInIndex = 0; path = RickAndMorty.app; sourceTree = BUILT_PRODUCTS_DIR; };
		4DA149142A02A68200EBA69B /* AppDelegate.swift */ = {isa = PBXFileReference; lastKnownFileType = sourcecode.swift; path = AppDelegate.swift; sourceTree = "<group>"; };
		4DA149162A02A68200EBA69B /* SceneDelegate.swift */ = {isa = PBXFileReference; lastKnownFileType = sourcecode.swift; path = SceneDelegate.swift; sourceTree = "<group>"; };
		4DA149182A02A68200EBA69B /* RMTabBarController.swift */ = {isa = PBXFileReference; lastKnownFileType = sourcecode.swift; path = RMTabBarController.swift; sourceTree = "<group>"; };
		4DA1491D2A02A68400EBA69B /* Assets.xcassets */ = {isa = PBXFileReference; lastKnownFileType = folder.assetcatalog; path = Assets.xcassets; sourceTree = "<group>"; };
		4DA149202A02A68400EBA69B /* Base */ = {isa = PBXFileReference; lastKnownFileType = file.storyboard; name = Base; path = Base.lproj/LaunchScreen.storyboard; sourceTree = "<group>"; };
		4DA149222A02A68400EBA69B /* Info.plist */ = {isa = PBXFileReference; lastKnownFileType = text.plist.xml; path = Info.plist; sourceTree = "<group>"; };
/* End PBXFileReference section */

/* Begin PBXFrameworksBuildPhase section */
		4DA1490E2A02A68200EBA69B /* Frameworks */ = {
			isa = PBXFrameworksBuildPhase;
			buildActionMask = 2147483647;
			files = (
			);
			runOnlyForDeploymentPostprocessing = 0;
		};
/* End PBXFrameworksBuildPhase section */

/* Begin PBXGroup section */
		4D198DF32A04496D008A9411 /* DataTypes */ = {
			isa = PBXGroup;
			children = (
				4D67D5EC2A02E2130087C9E7 /* RMLocation.swift */,
				4D67D5EE2A02E2370087C9E7 /* RMCharacter.swift */,
				4D67D5F02A02E5C30087C9E7 /* RMEpisode.swift */,
				4D67D6012A0300890087C9E7 /* RMOrigin.swift */,
				4D67D6032A03012D0087C9E7 /* RMSingleLocation.swift */,
				4D67D6052A0302B80087C9E7 /* RMCharacterGender.swift */,
			);
			path = DataTypes;
			sourceTree = "<group>";
		};
		4D198DF42A04498E008A9411 /* APIResponseTypes */ = {
			isa = PBXGroup;
			children = (
				4D198DF52A0449C7008A9411 /* RMGetAllCharactersResponse.swift */,
			);
			path = APIResponseTypes;
			sourceTree = "<group>";
		};
		4D67D5E52A02DC890087C9E7 /* Controllers */ = {
			isa = PBXGroup;
			children = (
				4D67D5F22A02E62A0087C9E7 /* Core */,
			);
			path = Controllers;
			sourceTree = "<group>";
		};
		4D67D5E62A02DC9F0087C9E7 /* Models */ = {
			isa = PBXGroup;
			children = (
				4D198DF42A04498E008A9411 /* APIResponseTypes */,
				4D198DF32A04496D008A9411 /* DataTypes */,
			);
			path = Models;
			sourceTree = "<group>";
		};
		4D67D5E72A02DCAA0087C9E7 /* Views */ = {
			isa = PBXGroup;
			children = (
			);
			path = Views;
			sourceTree = "<group>";
		};
		4D67D5E82A02DCBB0087C9E7 /* ViewModels */ = {
			isa = PBXGroup;
			children = (
			);
			path = ViewModels;
			sourceTree = "<group>";
		};
		4D67D5E92A02DCCF0087C9E7 /* APIClient */ = {
			isa = PBXGroup;
			children = (
				4D67D5FB2A02F2C70087C9E7 /* RMService.swift */,
				4D67D5FD2A02F2E20087C9E7 /* RMRequest.swift */,
				4D67D5FF2A02F36C0087C9E7 /* RMEndpoint.swift */,
			);
			path = APIClient;
			sourceTree = "<group>";
		};
		4D67D5EA2A02DCFD0087C9E7 /* Managers */ = {
			isa = PBXGroup;
			children = (
			);
			path = Managers;
			sourceTree = "<group>";
		};
		4D67D5EB2A02DD070087C9E7 /* Resources */ = {
			isa = PBXGroup;
			children = (
				4DA149142A02A68200EBA69B /* AppDelegate.swift */,
				4DA149162A02A68200EBA69B /* SceneDelegate.swift */,
				4DA1491D2A02A68400EBA69B /* Assets.xcassets */,
				4DA1491F2A02A68400EBA69B /* LaunchScreen.storyboard */,
			);
			path = Resources;
			sourceTree = "<group>";
		};
		4D67D5F22A02E62A0087C9E7 /* Core */ = {
			isa = PBXGroup;
			children = (
				4DA149182A02A68200EBA69B /* RMTabBarController.swift */,
				4D67D5F32A02E66B0087C9E7 /* RMCharacterViewController.swift */,
				4D67D5F52A02E6970087C9E7 /* RMLocationViewController.swift */,
				4D67D5F72A02E6A40087C9E7 /* RMEpisodeViewController.swift */,
				4D67D5F92A02E6BE0087C9E7 /* RMSettingsViewController.swift */,
			);
			path = Core;
			sourceTree = "<group>";
		};
		4DA149082A02A68200EBA69B = {
			isa = PBXGroup;
			children = (
				4DA149132A02A68200EBA69B /* RickAndMorty */,
				4DA149122A02A68200EBA69B /* Products */,
			);
			sourceTree = "<group>";
		};
		4DA149122A02A68200EBA69B /* Products */ = {
			isa = PBXGroup;
			children = (
				4DA149112A02A68200EBA69B /* RickAndMorty.app */,
			);
			name = Products;
			sourceTree = "<group>";
		};
		4DA149132A02A68200EBA69B /* RickAndMorty */ = {
			isa = PBXGroup;
			children = (
				4D67D5EB2A02DD070087C9E7 /* Resources */,
				4D67D5EA2A02DCFD0087C9E7 /* Managers */,
				4D67D5E92A02DCCF0087C9E7 /* APIClient */,
				4D67D5E82A02DCBB0087C9E7 /* ViewModels */,
				4D67D5E72A02DCAA0087C9E7 /* Views */,
				4D67D5E62A02DC9F0087C9E7 /* Models */,
				4D67D5E52A02DC890087C9E7 /* Controllers */,
				4DA149222A02A68400EBA69B /* Info.plist */,
			);
			path = RickAndMorty;
			sourceTree = "<group>";
		};
/* End PBXGroup section */

/* Begin PBXNativeTarget section */
		4DA149102A02A68200EBA69B /* RickAndMorty */ = {
			isa = PBXNativeTarget;
			buildConfigurationList = 4DA149252A02A68400EBA69B /* Build configuration list for PBXNativeTarget "RickAndMorty" */;
			buildPhases = (
				4DA1490D2A02A68200EBA69B /* Sources */,
				4DA1490E2A02A68200EBA69B /* Frameworks */,
				4DA1490F2A02A68200EBA69B /* Resources */,
			);
			buildRules = (
			);
			dependencies = (
			);
			name = RickAndMorty;
			productName = RickAndMorty;
			productReference = 4DA149112A02A68200EBA69B /* RickAndMorty.app */;
			productType = "com.apple.product-type.application";
		};
/* End PBXNativeTarget section */

/* Begin PBXProject section */
		4DA149092A02A68200EBA69B /* Project object */ = {
			isa = PBXProject;
			attributes = {
				BuildIndependentTargetsInParallel = 1;
				LastSwiftUpdateCheck = 1420;
				LastUpgradeCheck = 1420;
				TargetAttributes = {
					4DA149102A02A68200EBA69B = {
						CreatedOnToolsVersion = 14.2;
					};
				};
			};
			buildConfigurationList = 4DA1490C2A02A68200EBA69B /* Build configuration list for PBXProject "RickAndMorty" */;
			compatibilityVersion = "Xcode 14.0";
			developmentRegion = en;
			hasScannedForEncodings = 0;
			knownRegions = (
				en,
				Base,
			);
			mainGroup = 4DA149082A02A68200EBA69B;
			productRefGroup = 4DA149122A02A68200EBA69B /* Products */;
			projectDirPath = "";
			projectRoot = "";
			targets = (
				4DA149102A02A68200EBA69B /* RickAndMorty */,
			);
		};
/* End PBXProject section */

/* Begin PBXResourcesBuildPhase section */
		4DA1490F2A02A68200EBA69B /* Resources */ = {
			isa = PBXResourcesBuildPhase;
			buildActionMask = 2147483647;
			files = (
				4DA149212A02A68400EBA69B /* LaunchScreen.storyboard in Resources */,
				4DA1491E2A02A68400EBA69B /* Assets.xcassets in Resources */,
			);
			runOnlyForDeploymentPostprocessing = 0;
		};
/* End PBXResourcesBuildPhase section */

/* Begin PBXSourcesBuildPhase section */
		4DA1490D2A02A68200EBA69B /* Sources */ = {
			isa = PBXSourcesBuildPhase;
			buildActionMask = 2147483647;
			files = (
				4D198DF62A0449C7008A9411 /* RMGetAllCharactersResponse.swift in Sources */,
				4D67D6022A0300890087C9E7 /* RMOrigin.swift in Sources */,
				4D67D6042A03012D0087C9E7 /* RMSingleLocation.swift in Sources */,
				4D67D5F62A02E6970087C9E7 /* RMLocationViewController.swift in Sources */,
				4D67D6062A0302B80087C9E7 /* RMCharacterGender.swift in Sources */,
				4D67D5F12A02E5C30087C9E7 /* RMEpisode.swift in Sources */,
				4DA149192A02A68200EBA69B /* RMTabBarController.swift in Sources */,
				4D67D5F82A02E6A40087C9E7 /* RMEpisodeViewController.swift in Sources */,
				4DA149152A02A68200EBA69B /* AppDelegate.swift in Sources */,
				4DA149172A02A68200EBA69B /* SceneDelegate.swift in Sources */,
				4D67D5FA2A02E6BE0087C9E7 /* RMSettingsViewController.swift in Sources */,
				4D67D5FC2A02F2C70087C9E7 /* RMService.swift in Sources */,
				4D67D5ED2A02E2130087C9E7 /* RMLocation.swift in Sources */,
				4D67D6002A02F36C0087C9E7 /* RMEndpoint.swift in Sources */,
				4D67D5EF2A02E2370087C9E7 /* RMCharacter.swift in Sources */,
				4D67D5FE2A02F2E20087C9E7 /* RMRequest.swift in Sources */,
				4D67D5F42A02E66B0087C9E7 /* RMCharacterViewController.swift in Sources */,
			);
			runOnlyForDeploymentPostprocessing = 0;
		};
/* End PBXSourcesBuildPhase section */

/* Begin PBXVariantGroup section */
		4DA1491F2A02A68400EBA69B /* LaunchScreen.storyboard */ = {
			isa = PBXVariantGroup;
			children = (
				4DA149202A02A68400EBA69B /* Base */,
			);
			name = LaunchScreen.storyboard;
			sourceTree = "<group>";
		};
/* End PBXVariantGroup section */

/* Begin XCBuildConfiguration section */
		4DA149232A02A68400EBA69B /* Debug */ = {
			isa = XCBuildConfiguration;
			buildSettings = {
				ALWAYS_SEARCH_USER_PATHS = NO;
				CLANG_ANALYZER_NONNULL = YES;
				CLANG_ANALYZER_NUMBER_OBJECT_CONVERSION = YES_AGGRESSIVE;
				CLANG_CXX_LANGUAGE_STANDARD = "gnu++20";
				CLANG_ENABLE_MODULES = YES;
				CLANG_ENABLE_OBJC_ARC = YES;
				CLANG_ENABLE_OBJC_WEAK = YES;
				CLANG_WARN_BLOCK_CAPTURE_AUTORELEASING = YES;
				CLANG_WARN_BOOL_CONVERSION = YES;
				CLANG_WARN_COMMA = YES;
				CLANG_WARN_CONSTANT_CONVERSION = YES;
				CLANG_WARN_DEPRECATED_OBJC_IMPLEMENTATIONS = YES;
				CLANG_WARN_DIRECT_OBJC_ISA_USAGE = YES_ERROR;
				CLANG_WARN_DOCUMENTATION_COMMENTS = YES;
				CLANG_WARN_EMPTY_BODY = YES;
				CLANG_WARN_ENUM_CONVERSION = YES;
				CLANG_WARN_INFINITE_RECURSION = YES;
				CLANG_WARN_INT_CONVERSION = YES;
				CLANG_WARN_NON_LITERAL_NULL_CONVERSION = YES;
				CLANG_WARN_OBJC_IMPLICIT_RETAIN_SELF = YES;
				CLANG_WARN_OBJC_LITERAL_CONVERSION = YES;
				CLANG_WARN_OBJC_ROOT_CLASS = YES_ERROR;
				CLANG_WARN_QUOTED_INCLUDE_IN_FRAMEWORK_HEADER = YES;
				CLANG_WARN_RANGE_LOOP_ANALYSIS = YES;
				CLANG_WARN_STRICT_PROTOTYPES = YES;
				CLANG_WARN_SUSPICIOUS_MOVE = YES;
				CLANG_WARN_UNGUARDED_AVAILABILITY = YES_AGGRESSIVE;
				CLANG_WARN_UNREACHABLE_CODE = YES;
				CLANG_WARN__DUPLICATE_METHOD_MATCH = YES;
				COPY_PHASE_STRIP = NO;
				DEBUG_INFORMATION_FORMAT = dwarf;
				ENABLE_STRICT_OBJC_MSGSEND = YES;
				ENABLE_TESTABILITY = YES;
				GCC_C_LANGUAGE_STANDARD = gnu11;
				GCC_DYNAMIC_NO_PIC = NO;
				GCC_NO_COMMON_BLOCKS = YES;
				GCC_OPTIMIZATION_LEVEL = 0;
				GCC_PREPROCESSOR_DEFINITIONS = (
					"DEBUG=1",
					"$(inherited)",
				);
				GCC_WARN_64_TO_32_BIT_CONVERSION = YES;
				GCC_WARN_ABOUT_RETURN_TYPE = YES_ERROR;
				GCC_WARN_UNDECLARED_SELECTOR = YES;
				GCC_WARN_UNINITIALIZED_AUTOS = YES_AGGRESSIVE;
				GCC_WARN_UNUSED_FUNCTION = YES;
				GCC_WARN_UNUSED_VARIABLE = YES;
				IPHONEOS_DEPLOYMENT_TARGET = 16.2;
				MTL_ENABLE_DEBUG_INFO = INCLUDE_SOURCE;
				MTL_FAST_MATH = YES;
				ONLY_ACTIVE_ARCH = YES;
				SDKROOT = iphoneos;
				SWIFT_ACTIVE_COMPILATION_CONDITIONS = DEBUG;
				SWIFT_OPTIMIZATION_LEVEL = "-Onone";
			};
			name = Debug;
		};
		4DA149242A02A68400EBA69B /* Release */ = {
			isa = XCBuildConfiguration;
			buildSettings = {
				ALWAYS_SEARCH_USER_PATHS = NO;
				CLANG_ANALYZER_NONNULL = YES;
				CLANG_ANALYZER_NUMBER_OBJECT_CONVERSION = YES_AGGRESSIVE;
				CLANG_CXX_LANGUAGE_STANDARD = "gnu++20";
				CLANG_ENABLE_MODULES = YES;
				CLANG_ENABLE_OBJC_ARC = YES;
				CLANG_ENABLE_OBJC_WEAK = YES;
				CLANG_WARN_BLOCK_CAPTURE_AUTORELEASING = YES;
				CLANG_WARN_BOOL_CONVERSION = YES;
				CLANG_WARN_COMMA = YES;
				CLANG_WARN_CONSTANT_CONVERSION = YES;
				CLANG_WARN_DEPRECATED_OBJC_IMPLEMENTATIONS = YES;
				CLANG_WARN_DIRECT_OBJC_ISA_USAGE = YES_ERROR;
				CLANG_WARN_DOCUMENTATION_COMMENTS = YES;
				CLANG_WARN_EMPTY_BODY = YES;
				CLANG_WARN_ENUM_CONVERSION = YES;
				CLANG_WARN_INFINITE_RECURSION = YES;
				CLANG_WARN_INT_CONVERSION = YES;
				CLANG_WARN_NON_LITERAL_NULL_CONVERSION = YES;
				CLANG_WARN_OBJC_IMPLICIT_RETAIN_SELF = YES;
				CLANG_WARN_OBJC_LITERAL_CONVERSION = YES;
				CLANG_WARN_OBJC_ROOT_CLASS = YES_ERROR;
				CLANG_WARN_QUOTED_INCLUDE_IN_FRAMEWORK_HEADER = YES;
				CLANG_WARN_RANGE_LOOP_ANALYSIS = YES;
				CLANG_WARN_STRICT_PROTOTYPES = YES;
				CLANG_WARN_SUSPICIOUS_MOVE = YES;
				CLANG_WARN_UNGUARDED_AVAILABILITY = YES_AGGRESSIVE;
				CLANG_WARN_UNREACHABLE_CODE = YES;
				CLANG_WARN__DUPLICATE_METHOD_MATCH = YES;
				COPY_PHASE_STRIP = NO;
				DEBUG_INFORMATION_FORMAT = "dwarf-with-dsym";
				ENABLE_NS_ASSERTIONS = NO;
				ENABLE_STRICT_OBJC_MSGSEND = YES;
				GCC_C_LANGUAGE_STANDARD = gnu11;
				GCC_NO_COMMON_BLOCKS = YES;
				GCC_WARN_64_TO_32_BIT_CONVERSION = YES;
				GCC_WARN_ABOUT_RETURN_TYPE = YES_ERROR;
				GCC_WARN_UNDECLARED_SELECTOR = YES;
				GCC_WARN_UNINITIALIZED_AUTOS = YES_AGGRESSIVE;
				GCC_WARN_UNUSED_FUNCTION = YES;
				GCC_WARN_UNUSED_VARIABLE = YES;
				IPHONEOS_DEPLOYMENT_TARGET = 16.2;
				MTL_ENABLE_DEBUG_INFO = NO;
				MTL_FAST_MATH = YES;
				SDKROOT = iphoneos;
				SWIFT_COMPILATION_MODE = wholemodule;
				SWIFT_OPTIMIZATION_LEVEL = "-O";
				VALIDATE_PRODUCT = YES;
			};
			name = Release;
		};
		4DA149262A02A68400EBA69B /* Debug */ = {
			isa = XCBuildConfiguration;
			buildSettings = {
				ASSETCATALOG_COMPILER_APPICON_NAME = AppIcon;
				ASSETCATALOG_COMPILER_GLOBAL_ACCENT_COLOR_NAME = AccentColor;
				CODE_SIGN_STYLE = Automatic;
				CURRENT_PROJECT_VERSION = 1;
				GENERATE_INFOPLIST_FILE = YES;
				INFOPLIST_FILE = RickAndMorty/Info.plist;
				INFOPLIST_KEY_UIApplicationSupportsIndirectInputEvents = YES;
				INFOPLIST_KEY_UILaunchStoryboardName = LaunchScreen;
				INFOPLIST_KEY_UISupportedInterfaceOrientations_iPad = "UIInterfaceOrientationPortrait UIInterfaceOrientationPortraitUpsideDown UIInterfaceOrientationLandscapeLeft UIInterfaceOrientationLandscapeRight";
				INFOPLIST_KEY_UISupportedInterfaceOrientations_iPhone = "UIInterfaceOrientationPortrait UIInterfaceOrientationLandscapeLeft UIInterfaceOrientationLandscapeRight";
				LD_RUNPATH_SEARCH_PATHS = (
					"$(inherited)",
					"@executable_path/Frameworks",
				);
				MARKETING_VERSION = 1.0;
				PRODUCT_BUNDLE_IDENTIFIER = com.EduardoCosta.RickAndMorty;
				PRODUCT_NAME = "$(TARGET_NAME)";
				SWIFT_EMIT_LOC_STRINGS = YES;
				SWIFT_VERSION = 5.0;
				TARGETED_DEVICE_FAMILY = "1,2";
			};
			name = Debug;
		};
		4DA149272A02A68400EBA69B /* Release */ = {
			isa = XCBuildConfiguration;
			buildSettings = {
				ASSETCATALOG_COMPILER_APPICON_NAME = AppIcon;
				ASSETCATALOG_COMPILER_GLOBAL_ACCENT_COLOR_NAME = AccentColor;
				CODE_SIGN_STYLE = Automatic;
				CURRENT_PROJECT_VERSION = 1;
				GENERATE_INFOPLIST_FILE = YES;
				INFOPLIST_FILE = RickAndMorty/Info.plist;
				INFOPLIST_KEY_UIApplicationSupportsIndirectInputEvents = YES;
				INFOPLIST_KEY_UILaunchStoryboardName = LaunchScreen;
				INFOPLIST_KEY_UISupportedInterfaceOrientations_iPad = "UIInterfaceOrientationPortrait UIInterfaceOrientationPortraitUpsideDown UIInterfaceOrientationLandscapeLeft UIInterfaceOrientationLandscapeRight";
				INFOPLIST_KEY_UISupportedInterfaceOrientations_iPhone = "UIInterfaceOrientationPortrait UIInterfaceOrientationLandscapeLeft UIInterfaceOrientationLandscapeRight";
				LD_RUNPATH_SEARCH_PATHS = (
					"$(inherited)",
					"@executable_path/Frameworks",
				);
				MARKETING_VERSION = 1.0;
				PRODUCT_BUNDLE_IDENTIFIER = com.EduardoCosta.RickAndMorty;
				PRODUCT_NAME = "$(TARGET_NAME)";
				SWIFT_EMIT_LOC_STRINGS = YES;
				SWIFT_VERSION = 5.0;
				TARGETED_DEVICE_FAMILY = "1,2";
			};
			name = Release;
		};
/* End XCBuildConfiguration section */

/* Begin XCConfigurationList section */
		4DA1490C2A02A68200EBA69B /* Build configuration list for PBXProject "RickAndMorty" */ = {
			isa = XCConfigurationList;
			buildConfigurations = (
				4DA149232A02A68400EBA69B /* Debug */,
				4DA149242A02A68400EBA69B /* Release */,
			);
			defaultConfigurationIsVisible = 0;
			defaultConfigurationName = Release;
		};
		4DA149252A02A68400EBA69B /* Build configuration list for PBXNativeTarget "RickAndMorty" */ = {
			isa = XCConfigurationList;
			buildConfigurations = (
				4DA149262A02A68400EBA69B /* Debug */,
				4DA149272A02A68400EBA69B /* Release */,
			);
			defaultConfigurationIsVisible = 0;
			defaultConfigurationName = Release;
		};
/* End XCConfigurationList section */
	};
	rootObject = 4DA149092A02A68200EBA69B /* Project object */;
}
